{
    "name": "com.sts.carpoolear",
    "version": "1.0.0",
    "lockfileVersion": 1,
    "dependencies": {
        "babel-plugin-add-header-comment": {
            "version": "1.0.3",
            "resolved": "https://registry.npmjs.org/babel-plugin-add-header-comment/-/babel-plugin-add-header-comment-1.0.3.tgz",
            "integrity": "sha1-URxJAQYmQNWkgLSsPt1pRBlYUOw="
        },
        "cordova-android": {
            "version": "https://registry.npmjs.org/cordova-android/-/cordova-android-6.2.3.tgz",
            "integrity": "sha1-JJ8hts5fHxyEenq4OxaQnb7Vqig=",
            "dependencies": {
                "abbrev": {
                    "version": "http://registry.npmjs.org/abbrev/-/abbrev-1.1.0.tgz",
                    "integrity": "sha1-0FVMIlZjbi9W58LlrRg/hZQo2B8="
                },
                "ansi": {
                    "version": "http://registry.npmjs.org/ansi/-/ansi-0.3.1.tgz",
                    "integrity": "sha1-DELU+xcWDVqa8eSEus4cZpIsGyE="
                },
                "balanced-match": {
                    "version": "http://registry.npmjs.org/balanced-match/-/balanced-match-0.4.2.tgz",
                    "integrity": "sha1-yz8+PHMtwPAe5wtAPzAuYddwmDg="
                },
                "base64-js": {
                    "version": "http://registry.npmjs.org/base64-js/-/base64-js-0.0.8.tgz",
                    "integrity": "sha1-EQHpVE9KdrG8OybUUsqW16NeeXg="
                },
                "big-integer": {
                    "version": "https://registry.npmjs.org/big-integer/-/big-integer-1.6.22.tgz",
                    "integrity": "sha1-SHyV/OiGAi6kj/XxnjiJMt9G3S4="
                },
                "bplist-parser": {
                    "version": "http://registry.npmjs.org/bplist-parser/-/bplist-parser-0.1.1.tgz",
                    "integrity": "sha1-1g1dzCDLptx+HymbNdPh+V2vuuY="
                },
                "brace-expansion": {
                    "version": "http://registry.npmjs.org/brace-expansion/-/brace-expansion-1.1.7.tgz",
                    "integrity": "sha1-Pv/DxQ4ABTH7cg6v+A8K6O8jz1k="
                },
                "concat-map": {
                    "version": "http://registry.npmjs.org/concat-map/-/concat-map-0.0.1.tgz",
                    "integrity": "sha1-2Klr13/Wjfd5OnMDajug1UBdR3s="
                },
                "cordova-common": {
                    "version": "http://registry.npmjs.org/cordova-common/-/cordova-common-2.0.2.tgz",
                    "integrity": "sha1-V0Z5driv1eC9ChMRG2akIEQWAcs="
                },
                "cordova-registry-mapper": {
                    "version": "http://registry.npmjs.org/cordova-registry-mapper/-/cordova-registry-mapper-1.1.15.tgz",
                    "integrity": "sha1-4kS5GFuBdUc7/2B5MkkFEV+D3Hw="
                },
                "elementtree": {
                    "version": "http://registry.npmjs.org/elementtree/-/elementtree-0.1.6.tgz",
                    "integrity": "sha1-KsTEbqMFFsjEy9teOsdBjlkt4gw="
                },
                "glob": {
                    "version": "http://registry.npmjs.org/glob/-/glob-5.0.15.tgz",
                    "integrity": "sha1-G8k2ueAvSmA/zCIuz3Yz0wuLk7E="
                },
                "inflight": {
                    "version": "http://registry.npmjs.org/inflight/-/inflight-1.0.6.tgz",
                    "integrity": "sha1-Sb1jMdfQLQwJvJEKEHW6gWW1bfk="
                },
                "inherits": {
                    "version": "http://registry.npmjs.org/inherits/-/inherits-2.0.3.tgz",
                    "integrity": "sha1-Yzwsg+PaQqUC9SRmAiSA9CCCYd4="
                },
                "lodash": {
                    "version": "http://registry.npmjs.org/lodash/-/lodash-3.10.1.tgz",
                    "integrity": "sha1-W/Rejkm6QYnhfUgnid/RW9FAt7Y="
                },
                "minimatch": {
                    "version": "http://registry.npmjs.org/minimatch/-/minimatch-3.0.3.tgz",
                    "integrity": "sha1-Kk5AkLlrLbBqnX3wEFWmKnfJt3Q="
                },
                "nopt": {
                    "version": "http://registry.npmjs.org/nopt/-/nopt-3.0.6.tgz",
                    "integrity": "sha1-xkZdvwirzU2zWTF/eaxopkayj/k="
                },
                "once": {
                    "version": "http://registry.npmjs.org/once/-/once-1.4.0.tgz",
                    "integrity": "sha1-WDsap3WWHUsROsF9nFC6753Xa9E="
                },
                "os-homedir": {
                    "version": "http://registry.npmjs.org/os-homedir/-/os-homedir-1.0.2.tgz",
                    "integrity": "sha1-/7xJiDNuDoM94MFox+8VISGqf7M="
                },
                "os-tmpdir": {
                    "version": "http://registry.npmjs.org/os-tmpdir/-/os-tmpdir-1.0.2.tgz",
                    "integrity": "sha1-u+Z0BseaqFxc/sdm/lc0VV36EnQ="
                },
                "osenv": {
                    "version": "http://registry.npmjs.org/osenv/-/osenv-0.1.4.tgz",
                    "integrity": "sha1-Qv5tWVPfBsgGS+bxdsPQWqqjRkQ="
                },
                "path-is-absolute": {
                    "version": "http://registry.npmjs.org/path-is-absolute/-/path-is-absolute-1.0.1.tgz",
                    "integrity": "sha1-F0uSaHNVNP+8es5r9TpanhtcX18="
                },
                "plist": {
                    "version": "http://registry.npmjs.org/plist/-/plist-1.2.0.tgz",
                    "integrity": "sha1-CEtQk93JJQbiWfh0uNmxr7jHlZM="
                },
                "properties-parser": {
                    "version": "http://registry.npmjs.org/properties-parser/-/properties-parser-0.2.3.tgz",
                    "integrity": "sha1-91kSVfcHq7/yJ8e1a2N9uwNzoQ8="
                },
                "q": {
                    "version": "http://registry.npmjs.org/q/-/q-1.5.0.tgz",
                    "integrity": "sha1-3QG6ydBtMObyGa7LglPunr3DCPE="
                },
                "sax": {
                    "version": "http://registry.npmjs.org/sax/-/sax-0.3.5.tgz",
                    "integrity": "sha1-iPz8H3PAyLvVt8d2ttPzUB7tBz0="
                },
                "semver": {
                    "version": "http://registry.npmjs.org/semver/-/semver-5.3.0.tgz",
                    "integrity": "sha1-myzl094C0XxgEq0yaqa00M9U+U8="
                },
                "shelljs": {
                    "version": "http://registry.npmjs.org/shelljs/-/shelljs-0.5.3.tgz",
                    "integrity": "sha1-xUmCuZbHbvDB5rWfvcWCX1txMRM="
                },
                "underscore": {
                    "version": "http://registry.npmjs.org/underscore/-/underscore-1.8.3.tgz",
                    "integrity": "sha1-Tz+1OxBuYJf8+ctBCfKl6b36UCI="
                },
                "unorm": {
                    "version": "http://registry.npmjs.org/unorm/-/unorm-1.4.1.tgz",
                    "integrity": "sha1-NkIA1fE2RsqLzURJAnEzVhR5IwA="
                },
                "util-deprecate": {
                    "version": "http://registry.npmjs.org/util-deprecate/-/util-deprecate-1.0.2.tgz",
                    "integrity": "sha1-RQ1Nyfpw3nMnYvvS1KKJgUGaDM8="
                },
                "wrappy": {
                    "version": "http://registry.npmjs.org/wrappy/-/wrappy-1.0.2.tgz",
                    "integrity": "sha1-tSQ9jz7BqjXxNkYFvA0QNuMKtp8="
                },
                "xmlbuilder": {
                    "version": "http://registry.npmjs.org/xmlbuilder/-/xmlbuilder-4.0.0.tgz",
                    "integrity": "sha1-mLj2UcowqmJANvEn0RzGbce5B6M="
                },
                "xmldom": {
                    "version": "http://registry.npmjs.org/xmldom/-/xmldom-0.1.27.tgz",
                    "integrity": "sha1-1QH5ezvbQDr4757MIFcxh6rawOk="
                }
            }
        },
        "cordova-plugin-device": {
            "version": "1.1.6",
            "resolved": "https://registry.npmjs.org/cordova-plugin-device/-/cordova-plugin-device-1.1.6.tgz",
            "integrity": "sha1-LSF2TK18m4AVI+TgmjDgJLJJM0s="
        },
        "cordova-plugin-facebook4": {
            "version": "1.7.4",
            "resolved": "https://registry.npmjs.org/cordova-plugin-facebook4/-/cordova-plugin-facebook4-1.7.4.tgz",
            "integrity": "sha1-dU3hPzwPn8CUnvWBJsxO9oi9Yxo="
        },
        "cordova-plugin-nativestorage": {
            "version": "2.2.2",
            "resolved": "https://registry.npmjs.org/cordova-plugin-nativestorage/-/cordova-plugin-nativestorage-2.2.2.tgz",
            "integrity": "sha1-jZZYdpVsmtRjRy6xtY+OToE6cXo="
        },
        "cordova-plugin-network-information": {
            "version": "1.3.3",
            "resolved": "https://registry.npmjs.org/cordova-plugin-network-information/-/cordova-plugin-network-information-1.3.3.tgz",
            "integrity": "sha1-DqmqXBEkz3y9b4T4KKVCy9JKhRg="
        },
        "cordova-plugin-splashscreen": {
            "version": "4.0.3",
            "resolved": "https://registry.npmjs.org/cordova-plugin-splashscreen/-/cordova-plugin-splashscreen-4.0.3.tgz",
            "integrity": "sha1-dzzRNjwfO6y5kBZj6eN5PdPgoZ0="
        },
        "cordova-plugin-whitelist": {
            "version": "1.3.2",
            "resolved": "https://registry.npmjs.org/cordova-plugin-whitelist/-/cordova-plugin-whitelist-1.3.2.tgz",
            "integrity": "sha1-W2M1/rn1MB88ATuQlsuIhb29UHY="
        },
        "cordova-plugin-x-socialsharing": {
            "version": "git+https://github.com/EddyVerbruggen/SocialSharing-PhoneGap-Plugin.git#fb6cd475b1f1002858753eda18c81724b6252754"
        },
        "cordova-plugin-x-toast": {
            "version": "git+https://github.com/EddyVerbruggen/Toast-PhoneGap-Plugin.git#4324168d2a5848028881ec075b5a741221286350"
        },
        "install": {
            "version": "0.8.9",
            "resolved": "https://registry.npmjs.org/install/-/install-0.8.9.tgz",
            "integrity": "sha1-n0tcDRhR74cunfheT3Fi1OXc2+0="
        },
        "phonegap-plugin-push": {
            "version": "2.0.0-rc4",
            "resolved": "https://registry.npmjs.org/phonegap-plugin-push/-/phonegap-plugin-push-2.0.0-rc4.tgz",
            "integrity": "sha1-IbNdBHyryWNpk/bsBgNeMw5Pnxw="
        }
    }
}
