{
    "name": "com.sts.carpoolear",
    "version": "1.0.0",
    "lockfileVersion": 1,
    "dependencies": {
        "babel-plugin-add-header-comment": {
            "version": "1.0.3",
            "resolved": "https://registry.npmjs.org/babel-plugin-add-header-comment/-/babel-plugin-add-header-comment-1.0.3.tgz",
            "integrity": "sha1-URxJAQYmQNWkgLSsPt1pRBlYUOw="
        },
        "cordova-android": {
            "version": "6.2.3",
            "resolved": "https://registry.npmjs.org/cordova-android/-/cordova-android-6.2.3.tgz",
            "integrity": "sha1-JJ8hts5fHxyEenq4OxaQnb7Vqig=",
            "dependencies": {
                "abbrev": {
                    "version": "1.1.0",
                    "bundled": true
                },
                "ansi": {
                    "version": "0.3.1",
                    "bundled": true
                },
                "balanced-match": {
                    "version": "0.4.2",
                    "bundled": true
                },
                "base64-js": {
                    "version": "0.0.8",
                    "bundled": true
                },
                "big-integer": {
                    "version": "1.6.22",
                    "bundled": true
                },
                "bplist-parser": {
                    "version": "0.1.1",
                    "bundled": true
                },
                "brace-expansion": {
                    "version": "1.1.7",
                    "bundled": true
                },
                "concat-map": {
                    "version": "0.0.1",
                    "bundled": true
                },
                "cordova-common": {
                    "version": "2.0.2",
                    "bundled": true
                },
                "cordova-registry-mapper": {
                    "version": "1.1.15",
                    "bundled": true
                },
                "elementtree": {
                    "version": "0.1.6",
                    "bundled": true
                },
                "glob": {
                    "version": "5.0.15",
                    "bundled": true
                },
                "inflight": {
                    "version": "1.0.6",
                    "bundled": true
                },
                "inherits": {
                    "version": "2.0.3",
                    "bundled": true
                },
                "lodash": {
                    "version": "3.10.1",
                    "bundled": true
                },
                "minimatch": {
                    "version": "3.0.3",
                    "bundled": true
                },
                "nopt": {
                    "version": "3.0.6",
                    "bundled": true
                },
                "once": {
                    "version": "1.4.0",
                    "bundled": true
                },
                "os-homedir": {
                    "version": "1.0.2",
                    "bundled": true
                },
                "os-tmpdir": {
                    "version": "1.0.2",
                    "bundled": true
                },
                "osenv": {
                    "version": "0.1.4",
                    "bundled": true
                },
                "path-is-absolute": {
                    "version": "1.0.1",
                    "bundled": true
                },
                "plist": {
                    "version": "1.2.0",
                    "bundled": true
                },
                "properties-parser": {
                    "version": "0.2.3",
                    "bundled": true
                },
                "q": {
                    "version": "1.5.0",
                    "bundled": true
                },
                "sax": {
                    "version": "0.3.5",
                    "bundled": true
                },
                "semver": {
                    "version": "5.3.0",
                    "bundled": true
                },
                "shelljs": {
                    "version": "0.5.3",
                    "bundled": true
                },
                "underscore": {
                    "version": "1.8.3",
                    "bundled": true
                },
                "unorm": {
                    "version": "1.4.1",
                    "bundled": true
                },
                "util-deprecate": {
                    "version": "1.0.2",
                    "bundled": true
                },
                "wrappy": {
                    "version": "1.0.2",
                    "bundled": true
                },
                "xmlbuilder": {
                    "version": "4.0.0",
                    "bundled": true
                },
                "xmldom": {
                    "version": "0.1.27",
                    "bundled": true
                }
            }
        },
        "cordova-plugin-backbutton": {
            "version": "0.3.0",
            "resolved": "https://registry.npmjs.org/cordova-plugin-backbutton/-/cordova-plugin-backbutton-0.3.0.tgz",
            "integrity": "sha1-dS/Wj/+D05F64e/23izVD8zgJOM="
        },
        "cordova-plugin-device": {
            "version": "1.1.6",
            "resolved": "https://registry.npmjs.org/cordova-plugin-device/-/cordova-plugin-device-1.1.6.tgz",
            "integrity": "sha1-LSF2TK18m4AVI+TgmjDgJLJJM0s="
        },
        "cordova-plugin-facebook4": {
            "version": "1.9.1",
            "resolved": "https://registry.npmjs.org/cordova-plugin-facebook4/-/cordova-plugin-facebook4-1.9.1.tgz",
            "integrity": "sha512-B45qw+Z+GT2iIQWeF8M9EvmAzoi6Akems0FHq/dum9gRfl0uekgdaFTKiPZNgP1Q8BsC8xJU+VkhtRxsiT9gTw=="
        },
        "cordova-plugin-nativestorage": {
            "version": "2.2.2",
            "resolved": "https://registry.npmjs.org/cordova-plugin-nativestorage/-/cordova-plugin-nativestorage-2.2.2.tgz",
            "integrity": "sha1-jZZYdpVsmtRjRy6xtY+OToE6cXo="
        },
        "cordova-plugin-network-information": {
            "version": "1.3.3",
            "resolved": "https://registry.npmjs.org/cordova-plugin-network-information/-/cordova-plugin-network-information-1.3.3.tgz",
            "integrity": "sha1-DqmqXBEkz3y9b4T4KKVCy9JKhRg="
        },
        "cordova-plugin-splashscreen": {
            "version": "4.0.3",
            "resolved": "https://registry.npmjs.org/cordova-plugin-splashscreen/-/cordova-plugin-splashscreen-4.0.3.tgz",
            "integrity": "sha1-dzzRNjwfO6y5kBZj6eN5PdPgoZ0="
        },
        "cordova-plugin-whitelist": {
            "version": "1.3.2",
            "resolved": "https://registry.npmjs.org/cordova-plugin-whitelist/-/cordova-plugin-whitelist-1.3.2.tgz",
            "integrity": "sha1-W2M1/rn1MB88ATuQlsuIhb29UHY="
        },
        "cordova-plugin-x-socialsharing": {
            "version": "git+https://github.com/EddyVerbruggen/SocialSharing-PhoneGap-Plugin.git#fb6cd475b1f1002858753eda18c81724b6252754"
        },
        "cordova-plugin-x-toast": {
            "version": "git+https://github.com/EddyVerbruggen/Toast-PhoneGap-Plugin.git#4324168d2a5848028881ec075b5a741221286350"
        },
        "install": {
            "version": "0.8.9",
            "resolved": "https://registry.npmjs.org/install/-/install-0.8.9.tgz",
            "integrity": "sha1-n0tcDRhR74cunfheT3Fi1OXc2+0="
        },
        "phonegap-plugin-push": {
            "version": "2.0.0-rc4",
            "resolved": "https://registry.npmjs.org/phonegap-plugin-push/-/phonegap-plugin-push-2.0.0-rc4.tgz",
            "integrity": "sha1-IbNdBHyryWNpk/bsBgNeMw5Pnxw="
        }
    }
}
